// !$*UTF8*$!
{
	archiveVersion = 1;
	classes = {
	};
	objectVersion = 56;
	objects = {

/* Begin PBXBuildFile section */
		AD8168C32A03DE9D00341BB7 /* AppDelegate.swift in Sources */ = {isa = PBXBuildFile; fileRef = AD8168C22A03DE9D00341BB7 /* AppDelegate.swift */; };
		AD8168CC2A03DEA000341BB7 /* Assets.xcassets in Resources */ = {isa = PBXBuildFile; fileRef = AD8168CB2A03DEA000341BB7 /* Assets.xcassets */; };
		AD8168CF2A03DEA000341BB7 /* LaunchScreen.storyboard in Resources */ = {isa = PBXBuildFile; fileRef = AD8168CD2A03DEA000341BB7 /* LaunchScreen.storyboard */; };
		AD8168D72A03F33000341BB7 /* ParametersViewController.swift in Sources */ = {isa = PBXBuildFile; fileRef = AD8168D62A03F33000341BB7 /* ParametersViewController.swift */; };
		AD8168D92A04E88000341BB7 /* SimulationViewController.swift in Sources */ = {isa = PBXBuildFile; fileRef = AD8168D82A04E88000341BB7 /* SimulationViewController.swift */; };
		AD8168DD2A04FC9700341BB7 /* Resouces.swift in Sources */ = {isa = PBXBuildFile; fileRef = AD8168DC2A04FC9700341BB7 /* Resouces.swift */; };
		AD8168DF2A05040A00341BB7 /* PersonCell.swift in Sources */ = {isa = PBXBuildFile; fileRef = AD8168DE2A05040A00341BB7 /* PersonCell.swift */; };
		AD8168E82A06B1FC00341BB7 /* UITextField+.swift in Sources */ = {isa = PBXBuildFile; fileRef = AD8168E72A06B1FC00341BB7 /* UITextField+.swift */; };
/* End PBXBuildFile section */

/* Begin PBXFileReference section */
		AD8168BF2A03DE9D00341BB7 /* InfectionApp.app */ = {isa = PBXFileReference; explicitFileType = wrapper.application; includeInIndex = 0; path = InfectionApp.app; sourceTree = BUILT_PRODUCTS_DIR; };
		AD8168C22A03DE9D00341BB7 /* AppDelegate.swift */ = {isa = PBXFileReference; lastKnownFileType = sourcecode.swift; path = AppDelegate.swift; sourceTree = "<group>"; };
		AD8168CB2A03DEA000341BB7 /* Assets.xcassets */ = {isa = PBXFileReference; lastKnownFileType = folder.assetcatalog; path = Assets.xcassets; sourceTree = "<group>"; };
		AD8168CE2A03DEA000341BB7 /* Base */ = {isa = PBXFileReference; lastKnownFileType = file.storyboard; name = Base; path = Base.lproj/LaunchScreen.storyboard; sourceTree = "<group>"; };
		AD8168D02A03DEA000341BB7 /* Info.plist */ = {isa = PBXFileReference; lastKnownFileType = text.plist.xml; path = Info.plist; sourceTree = "<group>"; };
		AD8168D62A03F33000341BB7 /* ParametersViewController.swift */ = {isa = PBXFileReference; lastKnownFileType = sourcecode.swift; path = ParametersViewController.swift; sourceTree = "<group>"; };
		AD8168D82A04E88000341BB7 /* SimulationViewController.swift */ = {isa = PBXFileReference; lastKnownFileType = sourcecode.swift; path = SimulationViewController.swift; sourceTree = "<group>"; };
		AD8168DC2A04FC9700341BB7 /* Resouces.swift */ = {isa = PBXFileReference; lastKnownFileType = sourcecode.swift; path = Resouces.swift; sourceTree = "<group>"; };
		AD8168DE2A05040A00341BB7 /* PersonCell.swift */ = {isa = PBXFileReference; lastKnownFileType = sourcecode.swift; path = PersonCell.swift; sourceTree = "<group>"; };
		AD8168E72A06B1FC00341BB7 /* UITextField+.swift */ = {isa = PBXFileReference; lastKnownFileType = sourcecode.swift; path = "UITextField+.swift"; sourceTree = "<group>"; };
/* End PBXFileReference section */

/* Begin PBXFrameworksBuildPhase section */
		AD8168BC2A03DE9D00341BB7 /* Frameworks */ = {
			isa = PBXFrameworksBuildPhase;
			buildActionMask = 2147483647;
			files = (
			);
			runOnlyForDeploymentPostprocessing = 0;
		};
/* End PBXFrameworksBuildPhase section */

/* Begin PBXGroup section */
		AD8168B62A03DE9D00341BB7 = {
			isa = PBXGroup;
			children = (
				AD8168C12A03DE9D00341BB7 /* InfectionApp */,
				AD8168C02A03DE9D00341BB7 /* Products */,
			);
			sourceTree = "<group>";
		};
		AD8168C02A03DE9D00341BB7 /* Products */ = {
			isa = PBXGroup;
			children = (
				AD8168BF2A03DE9D00341BB7 /* InfectionApp.app */,
			);
			name = Products;
			sourceTree = "<group>";
		};
		AD8168C12A03DE9D00341BB7 /* InfectionApp */ = {
			isa = PBXGroup;
			children = (
				AD8168C22A03DE9D00341BB7 /* AppDelegate.swift */,
				AD8168D62A03F33000341BB7 /* ParametersViewController.swift */,
				AD8168D82A04E88000341BB7 /* SimulationViewController.swift */,
				AD8168EB2A06B34400341BB7 /* Model */,
				AD8168E92A06B26100341BB7 /* Extensions */,
				AD8168EA2A06B27F00341BB7 /* Resorces */,
			);
			path = InfectionApp;
			sourceTree = "<group>";
		};
		AD8168E92A06B26100341BB7 /* Extensions */ = {
			isa = PBXGroup;
			children = (
				AD8168E72A06B1FC00341BB7 /* UITextField+.swift */,
			);
			path = Extensions;
			sourceTree = "<group>";
		};
		AD8168EA2A06B27F00341BB7 /* Resorces */ = {
			isa = PBXGroup;
			children = (
				AD8168DC2A04FC9700341BB7 /* Resouces.swift */,
				AD8168CB2A03DEA000341BB7 /* Assets.xcassets */,
				AD8168CD2A03DEA000341BB7 /* LaunchScreen.storyboard */,
				AD8168D02A03DEA000341BB7 /* Info.plist */,
			);
			path = Resorces;
			sourceTree = "<group>";
		};
		AD8168EB2A06B34400341BB7 /* Model */ = {
			isa = PBXGroup;
			children = (
				AD8168DE2A05040A00341BB7 /* PersonCell.swift */,
			);
			path = Model;
			sourceTree = "<group>";
		};
/* End PBXGroup section */

/* Begin PBXNativeTarget section */
		AD8168BE2A03DE9D00341BB7 /* InfectionApp */ = {
			isa = PBXNativeTarget;
			buildConfigurationList = AD8168D32A03DEA000341BB7 /* Build configuration list for PBXNativeTarget "InfectionApp" */;
			buildPhases = (
				AD8168BB2A03DE9D00341BB7 /* Sources */,
				AD8168BC2A03DE9D00341BB7 /* Frameworks */,
				AD8168BD2A03DE9D00341BB7 /* Resources */,
			);
			buildRules = (
			);
			dependencies = (
			);
			name = InfectionApp;
			productName = InfectionApp;
			productReference = AD8168BF2A03DE9D00341BB7 /* InfectionApp.app */;
			productType = "com.apple.product-type.application";
		};
/* End PBXNativeTarget section */

/* Begin PBXProject section */
		AD8168B72A03DE9D00341BB7 /* Project object */ = {
			isa = PBXProject;
			attributes = {
				BuildIndependentTargetsInParallel = 1;
				LastSwiftUpdateCheck = 1420;
				LastUpgradeCheck = 1420;
				TargetAttributes = {
					AD8168BE2A03DE9D00341BB7 = {
						CreatedOnToolsVersion = 14.2;
					};
				};
			};
			buildConfigurationList = AD8168BA2A03DE9D00341BB7 /* Build configuration list for PBXProject "InfectionApp" */;
			compatibilityVersion = "Xcode 14.0";
			developmentRegion = en;
			hasScannedForEncodings = 0;
			knownRegions = (
				en,
				Base,
			);
			mainGroup = AD8168B62A03DE9D00341BB7;
			productRefGroup = AD8168C02A03DE9D00341BB7 /* Products */;
			projectDirPath = "";
			projectRoot = "";
			targets = (
				AD8168BE2A03DE9D00341BB7 /* InfectionApp */,
			);
		};
/* End PBXProject section */

/* Begin PBXResourcesBuildPhase section */
		AD8168BD2A03DE9D00341BB7 /* Resources */ = {
			isa = PBXResourcesBuildPhase;
			buildActionMask = 2147483647;
			files = (
				AD8168CF2A03DEA000341BB7 /* LaunchScreen.storyboard in Resources */,
				AD8168CC2A03DEA000341BB7 /* Assets.xcassets in Resources */,
			);
			runOnlyForDeploymentPostprocessing = 0;
		};
/* End PBXResourcesBuildPhase section */

/* Begin PBXSourcesBuildPhase section */
		AD8168BB2A03DE9D00341BB7 /* Sources */ = {
			isa = PBXSourcesBuildPhase;
			buildActionMask = 2147483647;
			files = (
				AD8168DF2A05040A00341BB7 /* PersonCell.swift in Sources */,
				AD8168DD2A04FC9700341BB7 /* Resouces.swift in Sources */,
				AD8168D92A04E88000341BB7 /* SimulationViewController.swift in Sources */,
				AD8168E82A06B1FC00341BB7 /* UITextField+.swift in Sources */,
				AD8168D72A03F33000341BB7 /* ParametersViewController.swift in Sources */,
				AD8168C32A03DE9D00341BB7 /* AppDelegate.swift in Sources */,
			);
			runOnlyForDeploymentPostprocessing = 0;
		};
/* End PBXSourcesBuildPhase section */

/* Begin PBXVariantGroup section */
		AD8168CD2A03DEA000341BB7 /* LaunchScreen.storyboard */ = {
			isa = PBXVariantGroup;
			children = (
				AD8168CE2A03DEA000341BB7 /* Base */,
			);
			name = LaunchScreen.storyboard;
			sourceTree = "<group>";
		};
/* End PBXVariantGroup section */

/* Begin XCBuildConfiguration section */
		AD8168D12A03DEA000341BB7 /* Debug */ = {
			isa = XCBuildConfiguration;
			buildSettings = {
				ALWAYS_SEARCH_USER_PATHS = NO;
				CLANG_ANALYZER_NONNULL = YES;
				CLANG_ANALYZER_NUMBER_OBJECT_CONVERSION = YES_AGGRESSIVE;
				CLANG_CXX_LANGUAGE_STANDARD = "gnu++20";
				CLANG_ENABLE_MODULES = YES;
				CLANG_ENABLE_OBJC_ARC = YES;
				CLANG_ENABLE_OBJC_WEAK = YES;
				CLANG_WARN_BLOCK_CAPTURE_AUTORELEASING = YES;
				CLANG_WARN_BOOL_CONVERSION = YES;
				CLANG_WARN_COMMA = YES;
				CLANG_WARN_CONSTANT_CONVERSION = YES;
				CLANG_WARN_DEPRECATED_OBJC_IMPLEMENTATIONS = YES;
				CLANG_WARN_DIRECT_OBJC_ISA_USAGE = YES_ERROR;
				CLANG_WARN_DOCUMENTATION_COMMENTS = YES;
				CLANG_WARN_EMPTY_BODY = YES;
				CLANG_WARN_ENUM_CONVERSION = YES;
				CLANG_WARN_INFINITE_RECURSION = YES;
				CLANG_WARN_INT_CONVERSION = YES;
				CLANG_WARN_NON_LITERAL_NULL_CONVERSION = YES;
				CLANG_WARN_OBJC_IMPLICIT_RETAIN_SELF = YES;
				CLANG_WARN_OBJC_LITERAL_CONVERSION = YES;
				CLANG_WARN_OBJC_ROOT_CLASS = YES_ERROR;
				CLANG_WARN_QUOTED_INCLUDE_IN_FRAMEWORK_HEADER = YES;
				CLANG_WARN_RANGE_LOOP_ANALYSIS = YES;
				CLANG_WARN_STRICT_PROTOTYPES = YES;
				CLANG_WARN_SUSPICIOUS_MOVE = YES;
				CLANG_WARN_UNGUARDED_AVAILABILITY = YES_AGGRESSIVE;
				CLANG_WARN_UNREACHABLE_CODE = YES;
				CLANG_WARN__DUPLICATE_METHOD_MATCH = YES;
				COPY_PHASE_STRIP = NO;
				DEBUG_INFORMATION_FORMAT = dwarf;
				ENABLE_STRICT_OBJC_MSGSEND = YES;
				ENABLE_TESTABILITY = YES;
				GCC_C_LANGUAGE_STANDARD = gnu11;
				GCC_DYNAMIC_NO_PIC = NO;
				GCC_NO_COMMON_BLOCKS = YES;
				GCC_OPTIMIZATION_LEVEL = 0;
				GCC_PREPROCESSOR_DEFINITIONS = (
					"DEBUG=1",
					"$(inherited)",
				);
				GCC_WARN_64_TO_32_BIT_CONVERSION = YES;
				GCC_WARN_ABOUT_RETURN_TYPE = YES_ERROR;
				GCC_WARN_UNDECLARED_SELECTOR = YES;
				GCC_WARN_UNINITIALIZED_AUTOS = YES_AGGRESSIVE;
				GCC_WARN_UNUSED_FUNCTION = YES;
				GCC_WARN_UNUSED_VARIABLE = YES;
				IPHONEOS_DEPLOYMENT_TARGET = 16.2;
				MTL_ENABLE_DEBUG_INFO = INCLUDE_SOURCE;
				MTL_FAST_MATH = YES;
				ONLY_ACTIVE_ARCH = YES;
				SDKROOT = iphoneos;
				SWIFT_ACTIVE_COMPILATION_CONDITIONS = DEBUG;
				SWIFT_OPTIMIZATION_LEVEL = "-Onone";
			};
			name = Debug;
		};
		AD8168D22A03DEA000341BB7 /* Release */ = {
			isa = XCBuildConfiguration;
			buildSettings = {
				ALWAYS_SEARCH_USER_PATHS = NO;
				CLANG_ANALYZER_NONNULL = YES;
				CLANG_ANALYZER_NUMBER_OBJECT_CONVERSION = YES_AGGRESSIVE;
				CLANG_CXX_LANGUAGE_STANDARD = "gnu++20";
				CLANG_ENABLE_MODULES = YES;
				CLANG_ENABLE_OBJC_ARC = YES;
				CLANG_ENABLE_OBJC_WEAK = YES;
				CLANG_WARN_BLOCK_CAPTURE_AUTORELEASING = YES;
				CLANG_WARN_BOOL_CONVERSION = YES;
				CLANG_WARN_COMMA = YES;
				CLANG_WARN_CONSTANT_CONVERSION = YES;
				CLANG_WARN_DEPRECATED_OBJC_IMPLEMENTATIONS = YES;
				CLANG_WARN_DIRECT_OBJC_ISA_USAGE = YES_ERROR;
				CLANG_WARN_DOCUMENTATION_COMMENTS = YES;
				CLANG_WARN_EMPTY_BODY = YES;
				CLANG_WARN_ENUM_CONVERSION = YES;
				CLANG_WARN_INFINITE_RECURSION = YES;
				CLANG_WARN_INT_CONVERSION = YES;
				CLANG_WARN_NON_LITERAL_NULL_CONVERSION = YES;
				CLANG_WARN_OBJC_IMPLICIT_RETAIN_SELF = YES;
				CLANG_WARN_OBJC_LITERAL_CONVERSION = YES;
				CLANG_WARN_OBJC_ROOT_CLASS = YES_ERROR;
				CLANG_WARN_QUOTED_INCLUDE_IN_FRAMEWORK_HEADER = YES;
				CLANG_WARN_RANGE_LOOP_ANALYSIS = YES;
				CLANG_WARN_STRICT_PROTOTYPES = YES;
				CLANG_WARN_SUSPICIOUS_MOVE = YES;
				CLANG_WARN_UNGUARDED_AVAILABILITY = YES_AGGRESSIVE;
				CLANG_WARN_UNREACHABLE_CODE = YES;
				CLANG_WARN__DUPLICATE_METHOD_MATCH = YES;
				COPY_PHASE_STRIP = NO;
				DEBUG_INFORMATION_FORMAT = "dwarf-with-dsym";
				ENABLE_NS_ASSERTIONS = NO;
				ENABLE_STRICT_OBJC_MSGSEND = YES;
				GCC_C_LANGUAGE_STANDARD = gnu11;
				GCC_NO_COMMON_BLOCKS = YES;
				GCC_WARN_64_TO_32_BIT_CONVERSION = YES;
				GCC_WARN_ABOUT_RETURN_TYPE = YES_ERROR;
				GCC_WARN_UNDECLARED_SELECTOR = YES;
				GCC_WARN_UNINITIALIZED_AUTOS = YES_AGGRESSIVE;
				GCC_WARN_UNUSED_FUNCTION = YES;
				GCC_WARN_UNUSED_VARIABLE = YES;
				IPHONEOS_DEPLOYMENT_TARGET = 16.2;
				MTL_ENABLE_DEBUG_INFO = NO;
				MTL_FAST_MATH = YES;
				SDKROOT = iphoneos;
				SWIFT_COMPILATION_MODE = wholemodule;
				SWIFT_OPTIMIZATION_LEVEL = "-O";
				VALIDATE_PRODUCT = YES;
			};
			name = Release;
		};
		AD8168D42A03DEA000341BB7 /* Debug */ = {
			isa = XCBuildConfiguration;
			buildSettings = {
				ASSETCATALOG_COMPILER_APPICON_NAME = AppIcon;
				ASSETCATALOG_COMPILER_GLOBAL_ACCENT_COLOR_NAME = AccentColor;
				CODE_SIGN_STYLE = Automatic;
				CURRENT_PROJECT_VERSION = 1;
				DEVELOPMENT_TEAM = D54BGPTYJ7;
				GENERATE_INFOPLIST_FILE = YES;
				INFOPLIST_FILE = InfectionApp/Resorces/Info.plist;
				INFOPLIST_KEY_UIApplicationSupportsIndirectInputEvents = YES;
				INFOPLIST_KEY_UILaunchStoryboardName = LaunchScreen;
				INFOPLIST_KEY_UISupportedInterfaceOrientations_iPad = "UIInterfaceOrientationPortrait UIInterfaceOrientationPortraitUpsideDown UIInterfaceOrientationLandscapeLeft UIInterfaceOrientationLandscapeRight";
				INFOPLIST_KEY_UISupportedInterfaceOrientations_iPhone = "UIInterfaceOrientationPortrait UIInterfaceOrientationLandscapeLeft UIInterfaceOrientationLandscapeRight";
				IPHONEOS_DEPLOYMENT_TARGET = 15.0;
				LD_RUNPATH_SEARCH_PATHS = (
					"$(inherited)",
					"@executable_path/Frameworks",
				);
				MARKETING_VERSION = 1.0;
				PRODUCT_BUNDLE_IDENTIFIER = "-.InfectionApp";
				PRODUCT_NAME = "$(TARGET_NAME)";
				SUPPORTED_PLATFORMS = "iphoneos iphonesimulator";
				SUPPORTS_MACCATALYST = NO;
				SUPPORTS_MAC_DESIGNED_FOR_IPHONE_IPAD = NO;
				SWIFT_EMIT_LOC_STRINGS = YES;
				SWIFT_VERSION = 5.0;
				TARGETED_DEVICE_FAMILY = 1;
			};
			name = Debug;
		};
		AD8168D52A03DEA000341BB7 /* Release */ = {
			isa = XCBuildConfiguration;
			buildSettings = {
				ASSETCATALOG_COMPILER_APPICON_NAME = AppIcon;
				ASSETCATALOG_COMPILER_GLOBAL_ACCENT_COLOR_NAME = AccentColor;
				CODE_SIGN_STYLE = Automatic;
				CURRENT_PROJECT_VERSION = 1;
				DEVELOPMENT_TEAM = D54BGPTYJ7;
				GENERATE_INFOPLIST_FILE = YES;
				INFOPLIST_FILE = InfectionApp/Resorces/Info.plist;
				INFOPLIST_KEY_UIApplicationSupportsIndirectInputEvents = YES;
				INFOPLIST_KEY_UILaunchStoryboardName = LaunchScreen;
				INFOPLIST_KEY_UISupportedInterfaceOrientations_iPad = "UIInterfaceOrientationPortrait UIInterfaceOrientationPortraitUpsideDown UIInterfaceOrientationLandscapeLeft UIInterfaceOrientationLandscapeRight";
				INFOPLIST_KEY_UISupportedInterfaceOrientations_iPhone = "UIInterfaceOrientationPortrait UIInterfaceOrientationLandscapeLeft UIInterfaceOrientationLandscapeRight";
				IPHONEOS_DEPLOYMENT_TARGET = 15.0;
				LD_RUNPATH_SEARCH_PATHS = (
					"$(inherited)",
					"@executable_path/Frameworks",
				);
				MARKETING_VERSION = 1.0;
				PRODUCT_BUNDLE_IDENTIFIER = "-.InfectionApp";
				PRODUCT_NAME = "$(TARGET_NAME)";
				SUPPORTED_PLATFORMS = "iphoneos iphonesimulator";
				SUPPORTS_MACCATALYST = NO;
				SUPPORTS_MAC_DESIGNED_FOR_IPHONE_IPAD = NO;
				SWIFT_EMIT_LOC_STRINGS = YES;
				SWIFT_VERSION = 5.0;
				TARGETED_DEVICE_FAMILY = 1;
			};
			name = Release;
		};
/* End XCBuildConfiguration section */

/* Begin XCConfigurationList section */
		AD8168BA2A03DE9D00341BB7 /* Build configuration list for PBXProject "InfectionApp" */ = {
			isa = XCConfigurationList;
			buildConfigurations = (
				AD8168D12A03DEA000341BB7 /* Debug */,
				AD8168D22A03DEA000341BB7 /* Release */,
			);
			defaultConfigurationIsVisible = 0;
			defaultConfigurationName = Release;
		};
		AD8168D32A03DEA000341BB7 /* Build configuration list for PBXNativeTarget "InfectionApp" */ = {
			isa = XCConfigurationList;
			buildConfigurations = (
				AD8168D42A03DEA000341BB7 /* Debug */,
				AD8168D52A03DEA000341BB7 /* Release */,
			);
			defaultConfigurationIsVisible = 0;
			defaultConfigurationName = Release;
		};
/* End XCConfigurationList section */
	};
	rootObject = AD8168B72A03DE9D00341BB7 /* Project object */;
}
